
Microsoft Visual Studio Solution File, Format Version 12.00
# Visual Studio 14
VisualStudioVersion = 14.0.25420.1
MinimumVisualStudioVersion = 10.0.40219.1
Project("{E24C65DC-7377-472B-9ABA-BC803B73C61A}") = "WCFService", "WCFService\", "{ADD65B44-575B-4003-8FCF-D7F1F2D37D26}"
	ProjectSection(WebsiteProperties) = preProject
		TargetFrameworkMoniker = ".NETFramework,Version%3Dv4.5"
		ProjectReferences = "{8C8E9755-0FFC-47E5-BD79-66C6B1ABD12B}|UFIDA.U9.Cust.Pub.WS.Base.dll;{cb3fd880-c065-43a5-9058-ecc3ab89dc9d}|UFIDA.U9.Cust.Pub.WS.Token.dll;{f39e5bec-20b0-4813-8a7a-599de6cd9763}|UFIDA.U9.Cust.Pub.WS.Token.DBProvider.dll;{7cb3df10-79fa-4bd9-a29d-d7214eae5e30}|UFIDA.U9.Cust.Pub.WS.Token.MemoryProvider.dll;{366444a8-4479-49f4-a614-61df5d50994e}|UFIDA.U9.Cust.Pub.WS.U9Action.dll;{a00bb192-1b54-455c-9086-245227a86b14}|UFIDA.U9.Cust.Pub.WS.U9Action.DBLog.dll;{b1c120b3-bfcc-4d09-8508-87d8e006d44a}|UFIDA.U9.Cust.Pub.WS.U9Action.Token.dll;{ac566f2b-ac90-45f6-a014-312e90b1996a}|UFIDA.U9.Cust.Pub.WS.TestService.dll;{9ecaaff0-f62b-4603-9ffd-392e49cc9d60}|UFIDA.U9.Cust.Pub.WS.ProxyService.dll;{AE6D00EA-5BEE-48D7-B385-F9F6C7EB7799}|UFIDA.U9.Cust.Pub.WS.Json.dll;{0383059E-C9E6-4A08-8444-4FFCCEA88253}|UFIDA.U9.Cust.Pub.WS.U9Context.dll;{68b149aa-cbe4-4f67-9914-88fe4d256ca3}|UFIDA.U9.Cust.Pub.WS.DebugService.dll;"
		Debug.AspNetCompiler.VirtualPath = "/localhost_3023"
		Debug.AspNetCompiler.PhysicalPath = "WCFService\"
		Debug.AspNetCompiler.TargetPath = "PrecompiledWeb\localhost_3023\"
		Debug.AspNetCompiler.Updateable = "true"
		Debug.AspNetCompiler.ForceOverwrite = "true"
		Debug.AspNetCompiler.FixedNames = "false"
		Debug.AspNetCompiler.Debug = "True"
		Release.AspNetCompiler.VirtualPath = "/localhost_3023"
		Release.AspNetCompiler.PhysicalPath = "WCFService\"
		Release.AspNetCompiler.TargetPath = "PrecompiledWeb\localhost_3023\"
		Release.AspNetCompiler.Updateable = "true"
		Release.AspNetCompiler.ForceOverwrite = "true"
		Release.AspNetCompiler.FixedNames = "false"
		Release.AspNetCompiler.Debug = "False"
		VWDPort = "3023"
		SlnRelativePath = "WCFService\"
	EndProjectSection
EndProject
Project("{FAE04EC0-301F-11D3-BF4B-00C04F79EFBC}") = "UFIDA.U9.Cust.Pub.WS.Token", "UFIDA.U9.Cust.Pub.WS.Token\UFIDA.U9.Cust.Pub.WS.Token.csproj", "{CB3FD880-C065-43A5-9058-ECC3AB89DC9D}"
EndProject
Project("{FAE04EC0-301F-11D3-BF4B-00C04F79EFBC}") = "UFIDA.U9.Cust.Pub.WS.Token.DBProvider", "UFIDA.U9.Cust.Pub.WS.TokenDBProvider\UFIDA.U9.Cust.Pub.WS.Token.DBProvider.csproj", "{F39E5BEC-20B0-4813-8A7A-599DE6CD9763}"
EndProject
Project("{FAE04EC0-301F-11D3-BF4B-00C04F79EFBC}") = "UFIDA.U9.Cust.Pub.WS.Base", "UFIDA.U9.Cust.Pub.WS.Base\UFIDA.U9.Cust.Pub.WS.Base.csproj", "{8C8E9755-0FFC-47E5-BD79-66C6B1ABD12B}"
EndProject
Project("{FAE04EC0-301F-11D3-BF4B-00C04F79EFBC}") = "UFIDA.U9.Cust.Pub.WS.U9Action.DBLog", "UFIDA.U9.Cust.Pub.WS.U9Action.DBLog\UFIDA.U9.Cust.Pub.WS.U9Action.DBLog.csproj", "{A00BB192-1B54-455C-9086-245227A86B14}"
EndProject
Project("{FAE04EC0-301F-11D3-BF4B-00C04F79EFBC}") = "UFIDA.U9.Cust.Pub.WS.U9Action", "UFIDA.U9.Cust.Pub.WS.U9Action\UFIDA.U9.Cust.Pub.WS.U9Action.csproj", "{366444A8-4479-49F4-A614-61DF5D50994E}"
EndProject
Project("{FAE04EC0-301F-11D3-BF4B-00C04F79EFBC}") = "UFIDA.U9.Cust.Pub.WS.Token.MemoryProvider", "UFIDA.U9.Cust.Pub.WS.TokenMemoryProvider\UFIDA.U9.Cust.Pub.WS.Token.MemoryProvider.csproj", "{7CB3DF10-79FA-4BD9-A29D-D7214EAE5E30}"
EndProject
Project("{FAE04EC0-301F-11D3-BF4B-00C04F79EFBC}") = "UFIDA.U9.Cust.Pub.WS.U9Action.Token", "UFIDA.U9.Cust.Pub.WS.U9Action.Token\UFIDA.U9.Cust.Pub.WS.U9Action.Token.csproj", "{B1C120B3-BFCC-4D09-8508-87D8E006D44A}"
EndProject
Project("{FAE04EC0-301F-11D3-BF4B-00C04F79EFBC}") = "UFIDA.U9.Cust.Pub.WS.TestService", "UFIDA.U9.Cust.Pub.WS.TestService\UFIDA.U9.Cust.Pub.WS.TestService.csproj", "{AC566F2B-AC90-45F6-A014-312E90B1996A}"
EndProject
Project("{FAE04EC0-301F-11D3-BF4B-00C04F79EFBC}") = "UFIDA.U9.Cust.Pub.WS.ProxyService", "UFIDA.U9.Cust.Pub.WS.ProxyService\UFIDA.U9.Cust.Pub.WS.ProxyService.csproj", "{9ECAAFF0-F62B-4603-9FFD-392E49CC9D60}"
EndProject
Project("{FAE04EC0-301F-11D3-BF4B-00C04F79EFBC}") = "UFIDA.U9.Cust.Pub.WS.U9Context", "UFIDA.U9.Cust.Pub.WS.Context\UFIDA.U9.Cust.Pub.WS.U9Context.csproj", "{0383059E-C9E6-4A08-8444-4FFCCEA88253}"
EndProject
Project("{FAE04EC0-301F-11D3-BF4B-00C04F79EFBC}") = "UFIDA.U9.Cust.Pub.WS.Json", "UFIDA.U9.Cust.Pub.WS.Json\UFIDA.U9.Cust.Pub.WS.Json.csproj", "{AE6D00EA-5BEE-48D7-B385-F9F6C7EB7799}"
EndProject
Project("{2150E333-8FDC-42A3-9474-1A3956D46DE8}") = "Token", "Token", "{B4F5F3F6-336C-4DB8-B9B7-BB676F9031F0}"
EndProject
Project("{2150E333-8FDC-42A3-9474-1A3956D46DE8}") = "U9Action", "U9Action", "{FAFCFD6A-FF38-4ECE-A663-CBF8777ED25C}"
EndProject
Project("{2150E333-8FDC-42A3-9474-1A3956D46DE8}") = "Services", "Services", "{857A1B02-42CF-4275-A515-C5A0ED89DD22}"
EndProject
Project("{FAE04EC0-301F-11D3-BF4B-00C04F79EFBC}") = "UFIDA.U9.Cust.Pub.WS.DebugService", "UFIDA.U9.Cust.Pub.WS.DebugService\UFIDA.U9.Cust.Pub.WS.DebugService.csproj", "{68B149AA-CBE4-4F67-9914-88FE4D256CA3}"
EndProject
Project("{FAE04EC0-301F-11D3-BF4B-00C04F79EFBC}") = "UFIDA.U9.Cust.Pub.WS.AttachmentService", "UFIDA.U9.Cust.Pub.WS.AttachmentService\UFIDA.U9.Cust.Pub.WS.AttachmentService.csproj", "{9D9A5CEB-E073-4C44-9592-1E8B3A99DA0D}"
EndProject
Global
	GlobalSection(SolutionConfigurationPlatforms) = preSolution
		Debug|Any CPU = Debug|Any CPU
		Release|Any CPU = Release|Any CPU
	EndGlobalSection
	GlobalSection(ProjectConfigurationPlatforms) = postSolution
		{ADD65B44-575B-4003-8FCF-D7F1F2D37D26}.Debug|Any CPU.ActiveCfg = Debug|Any CPU
		{ADD65B44-575B-4003-8FCF-D7F1F2D37D26}.Debug|Any CPU.Build.0 = Debug|Any CPU
		{ADD65B44-575B-4003-8FCF-D7F1F2D37D26}.Release|Any CPU.ActiveCfg = Debug|Any CPU
		{ADD65B44-575B-4003-8FCF-D7F1F2D37D26}.Release|Any CPU.Build.0 = Debug|Any CPU
		{CB3FD880-C065-43A5-9058-ECC3AB89DC9D}.Debug|Any CPU.ActiveCfg = Debug|Any CPU
		{CB3FD880-C065-43A5-9058-ECC3AB89DC9D}.Debug|Any CPU.Build.0 = Debug|Any CPU
		{CB3FD880-C065-43A5-9058-ECC3AB89DC9D}.Release|Any CPU.ActiveCfg = Release|Any CPU
		{CB3FD880-C065-43A5-9058-ECC3AB89DC9D}.Release|Any CPU.Build.0 = Release|Any CPU
		{F39E5BEC-20B0-4813-8A7A-599DE6CD9763}.Debug|Any CPU.ActiveCfg = Debug|Any CPU
		{F39E5BEC-20B0-4813-8A7A-599DE6CD9763}.Debug|Any CPU.Build.0 = Debug|Any CPU
		{F39E5BEC-20B0-4813-8A7A-599DE6CD9763}.Release|Any CPU.ActiveCfg = Release|Any CPU
		{F39E5BEC-20B0-4813-8A7A-599DE6CD9763}.Release|Any CPU.Build.0 = Release|Any CPU
		{8C8E9755-0FFC-47E5-BD79-66C6B1ABD12B}.Debug|Any CPU.ActiveCfg = Debug|Any CPU
		{8C8E9755-0FFC-47E5-BD79-66C6B1ABD12B}.Debug|Any CPU.Build.0 = Debug|Any CPU
		{8C8E9755-0FFC-47E5-BD79-66C6B1ABD12B}.Release|Any CPU.ActiveCfg = Release|Any CPU
		{8C8E9755-0FFC-47E5-BD79-66C6B1ABD12B}.Release|Any CPU.Build.0 = Release|Any CPU
		{A00BB192-1B54-455C-9086-245227A86B14}.Debug|Any CPU.ActiveCfg = Debug|Any CPU
		{A00BB192-1B54-455C-9086-245227A86B14}.Debug|Any CPU.Build.0 = Debug|Any CPU
		{A00BB192-1B54-455C-9086-245227A86B14}.Release|Any CPU.ActiveCfg = Release|Any CPU
		{A00BB192-1B54-455C-9086-245227A86B14}.Release|Any CPU.Build.0 = Release|Any CPU
		{366444A8-4479-49F4-A614-61DF5D50994E}.Debug|Any CPU.ActiveCfg = Debug|Any CPU
		{366444A8-4479-49F4-A614-61DF5D50994E}.Debug|Any CPU.Build.0 = Debug|Any CPU
		{366444A8-4479-49F4-A614-61DF5D50994E}.Release|Any CPU.ActiveCfg = Release|Any CPU
		{366444A8-4479-49F4-A614-61DF5D50994E}.Release|Any CPU.Build.0 = Release|Any CPU
		{7CB3DF10-79FA-4BD9-A29D-D7214EAE5E30}.Debug|Any CPU.ActiveCfg = Debug|Any CPU
		{7CB3DF10-79FA-4BD9-A29D-D7214EAE5E30}.Debug|Any CPU.Build.0 = Debug|Any CPU
		{7CB3DF10-79FA-4BD9-A29D-D7214EAE5E30}.Release|Any CPU.ActiveCfg = Release|Any CPU
		{7CB3DF10-79FA-4BD9-A29D-D7214EAE5E30}.Release|Any CPU.Build.0 = Release|Any CPU
		{B1C120B3-BFCC-4D09-8508-87D8E006D44A}.Debug|Any CPU.ActiveCfg = Debug|Any CPU
		{B1C120B3-BFCC-4D09-8508-87D8E006D44A}.Debug|Any CPU.Build.0 = Debug|Any CPU
		{B1C120B3-BFCC-4D09-8508-87D8E006D44A}.Release|Any CPU.ActiveCfg = Release|Any CPU
		{B1C120B3-BFCC-4D09-8508-87D8E006D44A}.Release|Any CPU.Build.0 = Release|Any CPU
		{AC566F2B-AC90-45F6-A014-312E90B1996A}.Debug|Any CPU.ActiveCfg = Debug|Any CPU
		{AC566F2B-AC90-45F6-A014-312E90B1996A}.Debug|Any CPU.Build.0 = Debug|Any CPU
		{AC566F2B-AC90-45F6-A014-312E90B1996A}.Release|Any CPU.ActiveCfg = Release|Any CPU
		{AC566F2B-AC90-45F6-A014-312E90B1996A}.Release|Any CPU.Build.0 = Release|Any CPU
		{9ECAAFF0-F62B-4603-9FFD-392E49CC9D60}.Debug|Any CPU.ActiveCfg = Debug|Any CPU
		{9ECAAFF0-F62B-4603-9FFD-392E49CC9D60}.Debug|Any CPU.Build.0 = Debug|Any CPU
		{9ECAAFF0-F62B-4603-9FFD-392E49CC9D60}.Release|Any CPU.ActiveCfg = Release|Any CPU
		{9ECAAFF0-F62B-4603-9FFD-392E49CC9D60}.Release|Any CPU.Build.0 = Release|Any CPU
		{0383059E-C9E6-4A08-8444-4FFCCEA88253}.Debug|Any CPU.ActiveCfg = Debug|Any CPU
		{0383059E-C9E6-4A08-8444-4FFCCEA88253}.Debug|Any CPU.Build.0 = Debug|Any CPU
		{0383059E-C9E6-4A08-8444-4FFCCEA88253}.Release|Any CPU.ActiveCfg = Release|Any CPU
		{0383059E-C9E6-4A08-8444-4FFCCEA88253}.Release|Any CPU.Build.0 = Release|Any CPU
		{AE6D00EA-5BEE-48D7-B385-F9F6C7EB7799}.Debug|Any CPU.ActiveCfg = Debug|Any CPU
		{AE6D00EA-5BEE-48D7-B385-F9F6C7EB7799}.Debug|Any CPU.Build.0 = Debug|Any CPU
		{AE6D00EA-5BEE-48D7-B385-F9F6C7EB7799}.Release|Any CPU.ActiveCfg = Release|Any CPU
		{AE6D00EA-5BEE-48D7-B385-F9F6C7EB7799}.Release|Any CPU.Build.0 = Release|Any CPU
		{68B149AA-CBE4-4F67-9914-88FE4D256CA3}.Debug|Any CPU.ActiveCfg = Debug|Any CPU
		{68B149AA-CBE4-4F67-9914-88FE4D256CA3}.Debug|Any CPU.Build.0 = Debug|Any CPU
		{68B149AA-CBE4-4F67-9914-88FE4D256CA3}.Release|Any CPU.ActiveCfg = Release|Any CPU
		{68B149AA-CBE4-4F67-9914-88FE4D256CA3}.Release|Any CPU.Build.0 = Release|Any CPU
		{9D9A5CEB-E073-4C44-9592-1E8B3A99DA0D}.Debug|Any CPU.ActiveCfg = Debug|Any CPU
		{9D9A5CEB-E073-4C44-9592-1E8B3A99DA0D}.Debug|Any CPU.Build.0 = Debug|Any CPU
		{9D9A5CEB-E073-4C44-9592-1E8B3A99DA0D}.Release|Any CPU.ActiveCfg = Release|Any CPU
		{9D9A5CEB-E073-4C44-9592-1E8B3A99DA0D}.Release|Any CPU.Build.0 = Release|Any CPU
	EndGlobalSection
	GlobalSection(SolutionProperties) = preSolution
		HideSolutionNode = FALSE
	EndGlobalSection
	GlobalSection(NestedProjects) = preSolution
		{CB3FD880-C065-43A5-9058-ECC3AB89DC9D} = {B4F5F3F6-336C-4DB8-B9B7-BB676F9031F0}
		{F39E5BEC-20B0-4813-8A7A-599DE6CD9763} = {B4F5F3F6-336C-4DB8-B9B7-BB676F9031F0}
		{A00BB192-1B54-455C-9086-245227A86B14} = {FAFCFD6A-FF38-4ECE-A663-CBF8777ED25C}
		{366444A8-4479-49F4-A614-61DF5D50994E} = {FAFCFD6A-FF38-4ECE-A663-CBF8777ED25C}
		{7CB3DF10-79FA-4BD9-A29D-D7214EAE5E30} = {B4F5F3F6-336C-4DB8-B9B7-BB676F9031F0}
		{B1C120B3-BFCC-4D09-8508-87D8E006D44A} = {FAFCFD6A-FF38-4ECE-A663-CBF8777ED25C}
		{AC566F2B-AC90-45F6-A014-312E90B1996A} = {857A1B02-42CF-4275-A515-C5A0ED89DD22}
		{9ECAAFF0-F62B-4603-9FFD-392E49CC9D60} = {857A1B02-42CF-4275-A515-C5A0ED89DD22}
		{68B149AA-CBE4-4F67-9914-88FE4D256CA3} = {857A1B02-42CF-4275-A515-C5A0ED89DD22}
		{9D9A5CEB-E073-4C44-9592-1E8B3A99DA0D} = {857A1B02-42CF-4275-A515-C5A0ED89DD22}
	EndGlobalSection
EndGlobal
